
Microsoft Visual Studio Solution File, Format Version 12.00
# Visual Studio Version 16
VisualStudioVersion = 16.0.30011.22
MinimumVisualStudioVersion = 10.0.40219.1
Project("{FAE04EC0-301F-11D3-BF4B-00C04F79EFBC}") = "EntityFramework", "EntityFramework.csproj", "{EDB05EE0-7D1A-41F4-BE10-2BAF21215D00}"
EndProject
Global
	GlobalSection(SolutionConfigurationPlatforms) = preSolution
		Debug|Any CPU = Debug|Any CPU
		Release|Any CPU = Release|Any CPU
	EndGlobalSection
	GlobalSection(ProjectConfigurationPlatforms) = postSolution
		{EDB05EE0-7D1A-41F4-BE10-2BAF21215D00}.Debug|Any CPU.ActiveCfg = Debug|Any CPU
		{EDB05EE0-7D1A-41F4-BE10-2BAF21215D00}.Debug|Any CPU.Build.0 = Debug|Any CPU
		{EDB05EE0-7D1A-41F4-BE10-2BAF21215D00}.Release|Any CPU.ActiveCfg = Release|Any CPU
		{EDB05EE0-7D1A-41F4-BE10-2BAF21215D00}.Release|Any CPU.Build.0 = Release|Any CPU
	EndGlobalSection
	GlobalSection(SolutionProperties) = preSolution
		HideSolutionNode = FALSE
	EndGlobalSection
	GlobalSection(ExtensibilityGlobals) = postSolution
		SolutionGuid = {BD7FA4E1-D0E5-4F5A-B324-3A84DD0E2A3A}
	EndGlobalSection
EndGlobal
